
Microsoft Visual Studio Solution File, Format Version 12.00
# Visual Studio Version 17
VisualStudioVersion = 17.6.33829.357
MinimumVisualStudioVersion = 10.0.40219.1
Project("{FAE04EC0-301F-11D3-BF4B-00C04F79EFBC}") = "ServicesLibrary", "ServicesLibrary\ServicesLibrary.csproj", "{2ED24A01-AEA4-4DE5-8429-CFDEF7388F32}"
EndProject
Project("{FAE04EC0-301F-11D3-BF4B-00C04F79EFBC}") = "CarsLibrary", "CarsLibrary\CarsLibrary.csproj", "{94FBD5CD-276D-40E8-AB9A-C389E5208424}"
EndProject
Global
	GlobalSection(SolutionConfigurationPlatforms) = preSolution
		Debug|Any CPU = Debug|Any CPU
		Release|Any CPU = Release|Any CPU
	EndGlobalSection
	GlobalSection(ProjectConfigurationPlatforms) = postSolution
		{2ED24A01-AEA4-4DE5-8429-CFDEF7388F32}.Debug|Any CPU.ActiveCfg = Debug|Any CPU
		{2ED24A01-AEA4-4DE5-8429-CFDEF7388F32}.Debug|Any CPU.Build.0 = Debug|Any CPU
		{2ED24A01-AEA4-4DE5-8429-CFDEF7388F32}.Release|Any CPU.ActiveCfg = Release|Any CPU
		{2ED24A01-AEA4-4DE5-8429-CFDEF7388F32}.Release|Any CPU.Build.0 = Release|Any CPU
		{94FBD5CD-276D-40E8-AB9A-C389E5208424}.Debug|Any CPU.ActiveCfg = Debug|Any CPU
		{94FBD5CD-276D-40E8-AB9A-C389E5208424}.Debug|Any CPU.Build.0 = Debug|Any CPU
		{94FBD5CD-276D-40E8-AB9A-C389E5208424}.Release|Any CPU.ActiveCfg = Release|Any CPU
		{94FBD5CD-276D-40E8-AB9A-C389E5208424}.Release|Any CPU.Build.0 = Release|Any CPU
	EndGlobalSection
	GlobalSection(SolutionProperties) = preSolution
		HideSolutionNode = FALSE
	EndGlobalSection
	GlobalSection(ExtensibilityGlobals) = postSolution
		SolutionGuid = {70DE5FF1-EDD3-4856-9EF3-4315D435B485}
	EndGlobalSection
EndGlobal
